
Microsoft Visual Studio Solution File, Format Version 12.00
# Visual Studio Version 17
VisualStudioVersion = 17.10.35013.160
MinimumVisualStudioVersion = 10.0.40219.1
Project("{FAE04EC0-301F-11D3-BF4B-00C04F79EFBC}") = "Tarea1", "Tarea1\Tarea1.csproj", "{80A43BD9-DF51-43A9-B398-D6B397DA4D7D}"
EndProject
Global
	GlobalSection(SolutionConfigurationPlatforms) = preSolution
		Debug|Any CPU = Debug|Any CPU
		Release|Any CPU = Release|Any CPU
	EndGlobalSection
	GlobalSection(ProjectConfigurationPlatforms) = postSolution
		{80A43BD9-DF51-43A9-B398-D6B397DA4D7D}.Debug|Any CPU.ActiveCfg = Debug|Any CPU
		{80A43BD9-DF51-43A9-B398-D6B397DA4D7D}.Debug|Any CPU.Build.0 = Debug|Any CPU
		{80A43BD9-DF51-43A9-B398-D6B397DA4D7D}.Release|Any CPU.ActiveCfg = Release|Any CPU
		{80A43BD9-DF51-43A9-B398-D6B397DA4D7D}.Release|Any CPU.Build.0 = Release|Any CPU
	EndGlobalSection
	GlobalSection(SolutionProperties) = preSolution
		HideSolutionNode = FALSE
	EndGlobalSection
	GlobalSection(ExtensibilityGlobals) = postSolution
		SolutionGuid = {71322CA0-8E98-4944-B192-F3607871EEA8}
	EndGlobalSection
EndGlobal
